
Microsoft Visual Studio Solution File, Format Version 12.00
# Visual Studio Version 17
VisualStudioVersion = 17.8.34511.84
MinimumVisualStudioVersion = 10.0.40219.1
Project("{FAE04EC0-301F-11D3-BF4B-00C04F79EFBC}") = "conceitosbasicos", "conceitosbasicos\conceitosbasicos.csproj", "{0AA23A17-12B4-445B-9DBD-34CCDF7BE300}"
EndProject
Global
	GlobalSection(SolutionConfigurationPlatforms) = preSolution
		Debug|Any CPU = Debug|Any CPU
		Release|Any CPU = Release|Any CPU
	EndGlobalSection
	GlobalSection(ProjectConfigurationPlatforms) = postSolution
		{0AA23A17-12B4-445B-9DBD-34CCDF7BE300}.Debug|Any CPU.ActiveCfg = Debug|Any CPU
		{0AA23A17-12B4-445B-9DBD-34CCDF7BE300}.Debug|Any CPU.Build.0 = Debug|Any CPU
		{0AA23A17-12B4-445B-9DBD-34CCDF7BE300}.Release|Any CPU.ActiveCfg = Release|Any CPU
		{0AA23A17-12B4-445B-9DBD-34CCDF7BE300}.Release|Any CPU.Build.0 = Release|Any CPU
	EndGlobalSection
	GlobalSection(SolutionProperties) = preSolution
		HideSolutionNode = FALSE
	EndGlobalSection
	GlobalSection(ExtensibilityGlobals) = postSolution
		SolutionGuid = {BB6434EC-70F5-4D44-AE9B-1CE49E50BA61}
	EndGlobalSection
EndGlobal
